// !$*UTF8*$!
{
	archiveVersion = 1;
	classes = {
	};
	objectVersion = 46;
	objects = {

/* Begin PBXBuildFile section */
		039C6D501BE66D7800560C67 /* main.m in Sources */ = {isa = PBXBuildFile; fileRef = 039C6D4F1BE66D7800560C67 /* main.m */; };
		039C6D531BE66D7800560C67 /* AppDelegate.m in Sources */ = {isa = PBXBuildFile; fileRef = 039C6D521BE66D7800560C67 /* AppDelegate.m */; };
		039C6D561BE66D7800560C67 /* ViewController.m in Sources */ = {isa = PBXBuildFile; fileRef = 039C6D551BE66D7800560C67 /* ViewController.m */; };
		039C6D591BE66D7800560C67 /* Main.storyboard in Resources */ = {isa = PBXBuildFile; fileRef = 039C6D571BE66D7800560C67 /* Main.storyboard */; };
		039C6D5B1BE66D7800560C67 /* Assets.xcassets in Resources */ = {isa = PBXBuildFile; fileRef = 039C6D5A1BE66D7800560C67 /* Assets.xcassets */; };
		039C6D5E1BE66D7800560C67 /* LaunchScreen.storyboard in Resources */ = {isa = PBXBuildFile; fileRef = 039C6D5C1BE66D7800560C67 /* LaunchScreen.storyboard */; };
		039C6D691BE66D7800560C67 /* CALayerFirstTests.m in Sources */ = {isa = PBXBuildFile; fileRef = 039C6D681BE66D7800560C67 /* CALayerFirstTests.m */; };
		039C6D741BE66D7800560C67 /* CALayerFirstUITests.m in Sources */ = {isa = PBXBuildFile; fileRef = 039C6D731BE66D7800560C67 /* CALayerFirstUITests.m */; };
		039C6D821BE67D1200560C67 /* 1111.jpg in Resources */ = {isa = PBXBuildFile; fileRef = 039C6D811BE67D1200560C67 /* 1111.jpg */; };
/* End PBXBuildFile section */

/* Begin PBXContainerItemProxy section */
		039C6D651BE66D7800560C67 /* PBXContainerItemProxy */ = {
			isa = PBXContainerItemProxy;
			containerPortal = 039C6D431BE66D7800560C67 /* Project object */;
			proxyType = 1;
			remoteGlobalIDString = 039C6D4A1BE66D7800560C67;
			remoteInfo = CALayerFirst;
		};
		039C6D701BE66D7800560C67 /* PBXContainerItemProxy */ = {
			isa = PBXContainerItemProxy;
			containerPortal = 039C6D431BE66D7800560C67 /* Project object */;
			proxyType = 1;
			remoteGlobalIDString = 039C6D4A1BE66D7800560C67;
			remoteInfo = CALayerFirst;
		};
/* End PBXContainerItemProxy section */

/* Begin PBXFileReference section */
		039C6D4B1BE66D7800560C67 /* CALayerFirst.app */ = {isa = PBXFileReference; explicitFileType = wrapper.application; includeInIndex = 0; path = CALayerFirst.app; sourceTree = BUILT_PRODUCTS_DIR; };
		039C6D4F1BE66D7800560C67 /* main.m */ = {isa = PBXFileReference; lastKnownFileType = sourcecode.c.objc; path = main.m; sourceTree = "<group>"; };
		039C6D511BE66D7800560C67 /* AppDelegate.h */ = {isa = PBXFileReference; lastKnownFileType = sourcecode.c.h; path = AppDelegate.h; sourceTree = "<group>"; };
		039C6D521BE66D7800560C67 /* AppDelegate.m */ = {isa = PBXFileReference; lastKnownFileType = sourcecode.c.objc; path = AppDelegate.m; sourceTree = "<group>"; };
		039C6D541BE66D7800560C67 /* ViewController.h */ = {isa = PBXFileReference; lastKnownFileType = sourcecode.c.h; path = ViewController.h; sourceTree = "<group>"; };
		039C6D551BE66D7800560C67 /* ViewController.m */ = {isa = PBXFileReference; lastKnownFileType = sourcecode.c.objc; path = ViewController.m; sourceTree = "<group>"; };
		039C6D581BE66D7800560C67 /* Base */ = {isa = PBXFileReference; lastKnownFileType = file.storyboard; name = Base; path = Base.lproj/Main.storyboard; sourceTree = "<group>"; };
		039C6D5A1BE66D7800560C67 /* Assets.xcassets */ = {isa = PBXFileReference; lastKnownFileType = folder.assetcatalog; path = Assets.xcassets; sourceTree = "<group>"; };
		039C6D5D1BE66D7800560C67 /* Base */ = {isa = PBXFileReference; lastKnownFileType = file.storyboard; name = Base; path = Base.lproj/LaunchScreen.storyboard; sourceTree = "<group>"; };
		039C6D5F1BE66D7800560C67 /* Info.plist */ = {isa = PBXFileReference; lastKnownFileType = text.plist.xml; path = Info.plist; sourceTree = "<group>"; };
		039C6D641BE66D7800560C67 /* CALayerFirstTests.xctest */ = {isa = PBXFileReference; explicitFileType = wrapper.cfbundle; includeInIndex = 0; path = CALayerFirstTests.xctest; sourceTree = BUILT_PRODUCTS_DIR; };
		039C6D681BE66D7800560C67 /* CALayerFirstTests.m */ = {isa = PBXFileReference; lastKnownFileType = sourcecode.c.objc; path = CALayerFirstTests.m; sourceTree = "<group>"; };
		039C6D6A1BE66D7800560C67 /* Info.plist */ = {isa = PBXFileReference; lastKnownFileType = text.plist.xml; path = Info.plist; sourceTree = "<group>"; };
		039C6D6F1BE66D7800560C67 /* CALayerFirstUITests.xctest */ = {isa = PBXFileReference; explicitFileType = wrapper.cfbundle; includeInIndex = 0; path = CALayerFirstUITests.xctest; sourceTree = BUILT_PRODUCTS_DIR; };
		039C6D731BE66D7800560C67 /* CALayerFirstUITests.m */ = {isa = PBXFileReference; lastKnownFileType = sourcecode.c.objc; path = CALayerFirstUITests.m; sourceTree = "<group>"; };
		039C6D751BE66D7800560C67 /* Info.plist */ = {isa = PBXFileReference; lastKnownFileType = text.plist.xml; path = Info.plist; sourceTree = "<group>"; };
		039C6D811BE67D1200560C67 /* 1111.jpg */ = {isa = PBXFileReference; lastKnownFileType = image.jpeg; path = 1111.jpg; sourceTree = "<group>"; };
/* End PBXFileReference section */

/* Begin PBXFrameworksBuildPhase section */
		039C6D481BE66D7800560C67 /* Frameworks */ = {
			isa = PBXFrameworksBuildPhase;
			buildActionMask = 2147483647;
			files = (
			);
			runOnlyForDeploymentPostprocessing = 0;
		};
		039C6D611BE66D7800560C67 /* Frameworks */ = {
			isa = PBXFrameworksBuildPhase;
			buildActionMask = 2147483647;
			files = (
			);
			runOnlyForDeploymentPostprocessing = 0;
		};
		039C6D6C1BE66D7800560C67 /* Frameworks */ = {
			isa = PBXFrameworksBuildPhase;
			buildActionMask = 2147483647;
			files = (
			);
			runOnlyForDeploymentPostprocessing = 0;
		};
/* End PBXFrameworksBuildPhase section */

/* Begin PBXGroup section */
		039C6D421BE66D7800560C67 = {
			isa = PBXGroup;
			children = (
				039C6D4D1BE66D7800560C67 /* CALayerFirst */,
				039C6D671BE66D7800560C67 /* CALayerFirstTests */,
				039C6D721BE66D7800560C67 /* CALayerFirstUITests */,
				039C6D4C1BE66D7800560C67 /* Products */,
			);
			sourceTree = "<group>";
		};
		039C6D4C1BE66D7800560C67 /* Products */ = {
			isa = PBXGroup;
			children = (
				039C6D4B1BE66D7800560C67 /* CALayerFirst.app */,
				039C6D641BE66D7800560C67 /* CALayerFirstTests.xctest */,
				039C6D6F1BE66D7800560C67 /* CALayerFirstUITests.xctest */,
			);
			name = Products;
			sourceTree = "<group>";
		};
		039C6D4D1BE66D7800560C67 /* CALayerFirst */ = {
			isa = PBXGroup;
			children = (
				039C6D811BE67D1200560C67 /* 1111.jpg */,
				039C6D511BE66D7800560C67 /* AppDelegate.h */,
				039C6D521BE66D7800560C67 /* AppDelegate.m */,
				039C6D541BE66D7800560C67 /* ViewController.h */,
				039C6D551BE66D7800560C67 /* ViewController.m */,
				039C6D571BE66D7800560C67 /* Main.storyboard */,
				039C6D5A1BE66D7800560C67 /* Assets.xcassets */,
				039C6D5C1BE66D7800560C67 /* LaunchScreen.storyboard */,
				039C6D5F1BE66D7800560C67 /* Info.plist */,
				039C6D4E1BE66D7800560C67 /* Supporting Files */,
			);
			path = CALayerFirst;
			sourceTree = "<group>";
		};
		039C6D4E1BE66D7800560C67 /* Supporting Files */ = {
			isa = PBXGroup;
			children = (
				039C6D4F1BE66D7800560C67 /* main.m */,
			);
			name = "Supporting Files";
			sourceTree = "<group>";
		};
		039C6D671BE66D7800560C67 /* CALayerFirstTests */ = {
			isa = PBXGroup;
			children = (
				039C6D681BE66D7800560C67 /* CALayerFirstTests.m */,
				039C6D6A1BE66D7800560C67 /* Info.plist */,
			);
			path = CALayerFirstTests;
			sourceTree = "<group>";
		};
		039C6D721BE66D7800560C67 /* CALayerFirstUITests */ = {
			isa = PBXGroup;
			children = (
				039C6D731BE66D7800560C67 /* CALayerFirstUITests.m */,
				039C6D751BE66D7800560C67 /* Info.plist */,
			);
			path = CALayerFirstUITests;
			sourceTree = "<group>";
		};
/* End PBXGroup section */

/* Begin PBXNativeTarget section */
		039C6D4A1BE66D7800560C67 /* CALayerFirst */ = {
			isa = PBXNativeTarget;
			buildConfigurationList = 039C6D781BE66D7800560C67 /* Build configuration list for PBXNativeTarget "CALayerFirst" */;
			buildPhases = (
				039C6D471BE66D7800560C67 /* Sources */,
				039C6D481BE66D7800560C67 /* Frameworks */,
				039C6D491BE66D7800560C67 /* Resources */,
			);
			buildRules = (
			);
			dependencies = (
			);
			name = CALayerFirst;
			productName = CALayerFirst;
			productReference = 039C6D4B1BE66D7800560C67 /* CALayerFirst.app */;
			productType = "com.apple.product-type.application";
		};
		039C6D631BE66D7800560C67 /* CALayerFirstTests */ = {
			isa = PBXNativeTarget;
			buildConfigurationList = 039C6D7B1BE66D7800560C67 /* Build configuration list for PBXNativeTarget "CALayerFirstTests" */;
			buildPhases = (
				039C6D601BE66D7800560C67 /* Sources */,
				039C6D611BE66D7800560C67 /* Frameworks */,
				039C6D621BE66D7800560C67 /* Resources */,
			);
			buildRules = (
			);
			dependencies = (
				039C6D661BE66D7800560C67 /* PBXTargetDependency */,
			);
			name = CALayerFirstTests;
			productName = CALayerFirstTests;
			productReference = 039C6D641BE66D7800560C67 /* CALayerFirstTests.xctest */;
			productType = "com.apple.product-type.bundle.unit-test";
		};
		039C6D6E1BE66D7800560C67 /* CALayerFirstUITests */ = {
			isa = PBXNativeTarget;
			buildConfigurationList = 039C6D7E1BE66D7800560C67 /* Build configuration list for PBXNativeTarget "CALayerFirstUITests" */;
			buildPhases = (
				039C6D6B1BE66D7800560C67 /* Sources */,
				039C6D6C1BE66D7800560C67 /* Frameworks */,
				039C6D6D1BE66D7800560C67 /* Resources */,
			);
			buildRules = (
			);
			dependencies = (
				039C6D711BE66D7800560C67 /* PBXTargetDependency */,
			);
			name = CALayerFirstUITests;
			productName = CALayerFirstUITests;
			productReference = 039C6D6F1BE66D7800560C67 /* CALayerFirstUITests.xctest */;
			productType = "com.apple.product-type.bundle.ui-testing";
		};
/* End PBXNativeTarget section */

/* Begin PBXProject section */
		039C6D431BE66D7800560C67 /* Project object */ = {
			isa = PBXProject;
			attributes = {
				LastUpgradeCheck = 0710;
				ORGANIZATIONNAME = "Jimmy－zzm";
				TargetAttributes = {
					039C6D4A1BE66D7800560C67 = {
						CreatedOnToolsVersion = 7.1;
					};
					039C6D631BE66D7800560C67 = {
						CreatedOnToolsVersion = 7.1;
						TestTargetID = 039C6D4A1BE66D7800560C67;
					};
					039C6D6E1BE66D7800560C67 = {
						CreatedOnToolsVersion = 7.1;
						TestTargetID = 039C6D4A1BE66D7800560C67;
					};
				};
			};
			buildConfigurationList = 039C6D461BE66D7800560C67 /* Build configuration list for PBXProject "CALayerFirst" */;
			compatibilityVersion = "Xcode 3.2";
			developmentRegion = English;
			hasScannedForEncodings = 0;
			knownRegions = (
				en,
				Base,
			);
			mainGroup = 039C6D421BE66D7800560C67;
			productRefGroup = 039C6D4C1BE66D7800560C67 /* Products */;
			projectDirPath = "";
			projectRoot = "";
			targets = (
				039C6D4A1BE66D7800560C67 /* CALayerFirst */,
				039C6D631BE66D7800560C67 /* CALayerFirstTests */,
				039C6D6E1BE66D7800560C67 /* CALayerFirstUITests */,
			);
		};
/* End PBXProject section */

/* Begin PBXResourcesBuildPhase section */
		039C6D491BE66D7800560C67 /* Resources */ = {
			isa = PBXResourcesBuildPhase;
			buildActionMask = 2147483647;
			files = (
				039C6D5E1BE66D7800560C67 /* LaunchScreen.storyboard in Resources */,
				039C6D5B1BE66D7800560C67 /* Assets.xcassets in Resources */,
				039C6D591BE66D7800560C67 /* Main.storyboard in Resources */,
				039C6D821BE67D1200560C67 /* 1111.jpg in Resources */,
			);
			runOnlyForDeploymentPostprocessing = 0;
		};
		039C6D621BE66D7800560C67 /* Resources */ = {
			isa = PBXResourcesBuildPhase;
			buildActionMask = 2147483647;
			files = (
			);
			runOnlyForDeploymentPostprocessing = 0;
		};
		039C6D6D1BE66D7800560C67 /* Resources */ = {
			isa = PBXResourcesBuildPhase;
			buildActionMask = 2147483647;
			files = (
			);
			runOnlyForDeploymentPostprocessing = 0;
		};
/* End PBXResourcesBuildPhase section */

/* Begin PBXSourcesBuildPhase section */
		039C6D471BE66D7800560C67 /* Sources */ = {
			isa = PBXSourcesBuildPhase;
			buildActionMask = 2147483647;
			files = (
				039C6D561BE66D7800560C67 /* ViewController.m in Sources */,
				039C6D531BE66D7800560C67 /* AppDelegate.m in Sources */,
				039C6D501BE66D7800560C67 /* main.m in Sources */,
			);
			runOnlyForDeploymentPostprocessing = 0;
		};
		039C6D601BE66D7800560C67 /* Sources */ = {
			isa = PBXSourcesBuildPhase;
			buildActionMask = 2147483647;
			files = (
				039C6D691BE66D7800560C67 /* CALayerFirstTests.m in Sources */,
			);
			runOnlyForDeploymentPostprocessing = 0;
		};
		039C6D6B1BE66D7800560C67 /* Sources */ = {
			isa = PBXSourcesBuildPhase;
			buildActionMask = 2147483647;
			files = (
				039C6D741BE66D7800560C67 /* CALayerFirstUITests.m in Sources */,
			);
			runOnlyForDeploymentPostprocessing = 0;
		};
/* End PBXSourcesBuildPhase section */

/* Begin PBXTargetDependency section */
		039C6D661BE66D7800560C67 /* PBXTargetDependency */ = {
			isa = PBXTargetDependency;
			target = 039C6D4A1BE66D7800560C67 /* CALayerFirst */;
			targetProxy = 039C6D651BE66D7800560C67 /* PBXContainerItemProxy */;
		};
		039C6D711BE66D7800560C67 /* PBXTargetDependency */ = {
			isa = PBXTargetDependency;
			target = 039C6D4A1BE66D7800560C67 /* CALayerFirst */;
			targetProxy = 039C6D701BE66D7800560C67 /* PBXContainerItemProxy */;
		};
/* End PBXTargetDependency section */

/* Begin PBXVariantGroup section */
		039C6D571BE66D7800560C67 /* Main.storyboard */ = {
			isa = PBXVariantGroup;
			children = (
				039C6D581BE66D7800560C67 /* Base */,
			);
			name = Main.storyboard;
			sourceTree = "<group>";
		};
		039C6D5C1BE66D7800560C67 /* LaunchScreen.storyboard */ = {
			isa = PBXVariantGroup;
			children = (
				039C6D5D1BE66D7800560C67 /* Base */,
			);
			name = LaunchScreen.storyboard;
			sourceTree = "<group>";
		};
/* End PBXVariantGroup section */

/* Begin XCBuildConfiguration section */
		039C6D761BE66D7800560C67 /* Debug */ = {
			isa = XCBuildConfiguration;
			buildSettings = {
				ALWAYS_SEARCH_USER_PATHS = NO;
				CLANG_CXX_LANGUAGE_STANDARD = "gnu++0x";
				CLANG_CXX_LIBRARY = "libc++";
				CLANG_ENABLE_MODULES = YES;
				CLANG_ENABLE_OBJC_ARC = YES;
				CLANG_WARN_BOOL_CONVERSION = YES;
				CLANG_WARN_CONSTANT_CONVERSION = YES;
				CLANG_WARN_DIRECT_OBJC_ISA_USAGE = YES_ERROR;
				CLANG_WARN_EMPTY_BODY = YES;
				CLANG_WARN_ENUM_CONVERSION = YES;
				CLANG_WARN_INT_CONVERSION = YES;
				CLANG_WARN_OBJC_ROOT_CLASS = YES_ERROR;
				CLANG_WARN_UNREACHABLE_CODE = YES;
				CLANG_WARN__DUPLICATE_METHOD_MATCH = YES;
				"CODE_SIGN_IDENTITY[sdk=iphoneos*]" = "iPhone Developer";
				COPY_PHASE_STRIP = NO;
				DEBUG_INFORMATION_FORMAT = dwarf;
				ENABLE_STRICT_OBJC_MSGSEND = YES;
				ENABLE_TESTABILITY = YES;
				GCC_C_LANGUAGE_STANDARD = gnu99;
				GCC_DYNAMIC_NO_PIC = NO;
				GCC_NO_COMMON_BLOCKS = YES;
				GCC_OPTIMIZATION_LEVEL = 0;
				GCC_PREPROCESSOR_DEFINITIONS = (
					"DEBUG=1",
					"$(inherited)",
				);
				GCC_WARN_64_TO_32_BIT_CONVERSION = YES;
				GCC_WARN_ABOUT_RETURN_TYPE = YES_ERROR;
				GCC_WARN_UNDECLARED_SELECTOR = YES;
				GCC_WARN_UNINITIALIZED_AUTOS = YES_AGGRESSIVE;
				GCC_WARN_UNUSED_FUNCTION = YES;
				GCC_WARN_UNUSED_VARIABLE = YES;
				IPHONEOS_DEPLOYMENT_TARGET = 9.1;
				MTL_ENABLE_DEBUG_INFO = YES;
				ONLY_ACTIVE_ARCH = YES;
				SDKROOT = iphoneos;
			};
			name = Debug;
		};
		039C6D771BE66D7800560C67 /* Release */ = {
			isa = XCBuildConfiguration;
			buildSettings = {
				ALWAYS_SEARCH_USER_PATHS = NO;
				CLANG_CXX_LANGUAGE_STANDARD = "gnu++0x";
				CLANG_CXX_LIBRARY = "libc++";
				CLANG_ENABLE_MODULES = YES;
				CLANG_ENABLE_OBJC_ARC = YES;
				CLANG_WARN_BOOL_CONVERSION = YES;
				CLANG_WARN_CONSTANT_CONVERSION = YES;
				CLANG_WARN_DIRECT_OBJC_ISA_USAGE = YES_ERROR;
				CLANG_WARN_EMPTY_BODY = YES;
				CLANG_WARN_ENUM_CONVERSION = YES;
				CLANG_WARN_INT_CONVERSION = YES;
				CLANG_WARN_OBJC_ROOT_CLASS = YES_ERROR;
				CLANG_WARN_UNREACHABLE_CODE = YES;
				CLANG_WARN__DUPLICATE_METHOD_MATCH = YES;
				"CODE_SIGN_IDENTITY[sdk=iphoneos*]" = "iPhone Developer";
				COPY_PHASE_STRIP = NO;
				DEBUG_INFORMATION_FORMAT = "dwarf-with-dsym";
				ENABLE_NS_ASSERTIONS = NO;
				ENABLE_STRICT_OBJC_MSGSEND = YES;
				GCC_C_LANGUAGE_STANDARD = gnu99;
				GCC_NO_COMMON_BLOCKS = YES;
				GCC_WARN_64_TO_32_BIT_CONVERSION = YES;
				GCC_WARN_ABOUT_RETURN_TYPE = YES_ERROR;
				GCC_WARN_UNDECLARED_SELECTOR = YES;
				GCC_WARN_UNINITIALIZED_AUTOS = YES_AGGRESSIVE;
				GCC_WARN_UNUSED_FUNCTION = YES;
				GCC_WARN_UNUSED_VARIABLE = YES;
				IPHONEOS_DEPLOYMENT_TARGET = 9.1;
				MTL_ENABLE_DEBUG_INFO = NO;
				SDKROOT = iphoneos;
				VALIDATE_PRODUCT = YES;
			};
			name = Release;
		};
		039C6D791BE66D7800560C67 /* Debug */ = {
			isa = XCBuildConfiguration;
			buildSettings = {
				ASSETCATALOG_COMPILER_APPICON_NAME = AppIcon;
				INFOPLIST_FILE = CALayerFirst/Info.plist;
				LD_RUNPATH_SEARCH_PATHS = "$(inherited) @executable_path/Frameworks";
				PRODUCT_BUNDLE_IDENTIFIER = com.jimmy.test.CALayerFirst;
				PRODUCT_NAME = "$(TARGET_NAME)";
			};
			name = Debug;
		};
		039C6D7A1BE66D7800560C67 /* Release */ = {
			isa = XCBuildConfiguration;
			buildSettings = {
				ASSETCATALOG_COMPILER_APPICON_NAME = AppIcon;
				INFOPLIST_FILE = CALayerFirst/Info.plist;
				LD_RUNPATH_SEARCH_PATHS = "$(inherited) @executable_path/Frameworks";
				PRODUCT_BUNDLE_IDENTIFIER = com.jimmy.test.CALayerFirst;
				PRODUCT_NAME = "$(TARGET_NAME)";
			};
			name = Release;
		};
		039C6D7C1BE66D7800560C67 /* Debug */ = {
			isa = XCBuildConfiguration;
			buildSettings = {
				BUNDLE_LOADER = "$(TEST_HOST)";
				INFOPLIST_FILE = CALayerFirstTests/Info.plist;
				LD_RUNPATH_SEARCH_PATHS = "$(inherited) @executable_path/Frameworks @loader_path/Frameworks";
				PRODUCT_BUNDLE_IDENTIFIER = com.jimmy.test.CALayerFirstTests;
				PRODUCT_NAME = "$(TARGET_NAME)";
				TEST_HOST = "$(BUILT_PRODUCTS_DIR)/CALayerFirst.app/CALayerFirst";
			};
			name = Debug;
		};
		039C6D7D1BE66D7800560C67 /* Release */ = {
			isa = XCBuildConfiguration;
			buildSettings = {
				BUNDLE_LOADER = "$(TEST_HOST)";
				INFOPLIST_FILE = CALayerFirstTests/Info.plist;
				LD_RUNPATH_SEARCH_PATHS = "$(inherited) @executable_path/Frameworks @loader_path/Frameworks";
				PRODUCT_BUNDLE_IDENTIFIER = com.jimmy.test.CALayerFirstTests;
				PRODUCT_NAME = "$(TARGET_NAME)";
				TEST_HOST = "$(BUILT_PRODUCTS_DIR)/CALayerFirst.app/CALayerFirst";
			};
			name = Release;
		};
		039C6D7F1BE66D7800560C67 /* Debug */ = {
			isa = XCBuildConfiguration;
			buildSettings = {
				INFOPLIST_FILE = CALayerFirstUITests/Info.plist;
				LD_RUNPATH_SEARCH_PATHS = "$(inherited) @executable_path/Frameworks @loader_path/Frameworks";
				PRODUCT_BUNDLE_IDENTIFIER = com.jimmy.test.CALayerFirstUITests;
				PRODUCT_NAME = "$(TARGET_NAME)";
				TEST_TARGET_NAME = CALayerFirst;
				USES_XCTRUNNER = YES;
			};
			name = Debug;
		};
		039C6D801BE66D7800560C67 /* Release */ = {
			isa = XCBuildConfiguration;
			buildSettings = {
				INFOPLIST_FILE = CALayerFirstUITests/Info.plist;
				LD_RUNPATH_SEARCH_PATHS = "$(inherited) @executable_path/Frameworks @loader_path/Frameworks";
				PRODUCT_BUNDLE_IDENTIFIER = com.jimmy.test.CALayerFirstUITests;
				PRODUCT_NAME = "$(TARGET_NAME)";
				TEST_TARGET_NAME = CALayerFirst;
				USES_XCTRUNNER = YES;
			};
			name = Release;
		};
/* End XCBuildConfiguration section */

/* Begin XCConfigurationList section */
		039C6D461BE66D7800560C67 /* Build configuration list for PBXProject "CALayerFirst" */ = {
			isa = XCConfigurationList;
			buildConfigurations = (
				039C6D761BE66D7800560C67 /* Debug */,
				039C6D771BE66D7800560C67 /* Release */,
			);
			defaultConfigurationIsVisible = 0;
			defaultConfigurationName = Release;
		};
		039C6D781BE66D7800560C67 /* Build configuration list for PBXNativeTarget "CALayerFirst" */ = {
			isa = XCConfigurationList;
			buildConfigurations = (
				039C6D791BE66D7800560C67 /* Debug */,
				039C6D7A1BE66D7800560C67 /* Release */,
			);
			defaultConfigurationIsVisible = 0;
		};
		039C6D7B1BE66D7800560C67 /* Build configuration list for PBXNativeTarget "CALayerFirstTests" */ = {
			isa = XCConfigurationList;
			buildConfigurations = (
				039C6D7C1BE66D7800560C67 /* Debug */,
				039C6D7D1BE66D7800560C67 /* Release */,
			);
			defaultConfigurationIsVisible = 0;
		};
		039C6D7E1BE66D7800560C67 /* Build configuration list for PBXNativeTarget "CALayerFirstUITests" */ = {
			isa = XCConfigurationList;
			buildConfigurations = (
				039C6D7F1BE66D7800560C67 /* Debug */,
				039C6D801BE66D7800560C67 /* Release */,
			);
			defaultConfigurationIsVisible = 0;
		};
/* End XCConfigurationList section */
	};
	rootObject = 039C6D431BE66D7800560C67 /* Project object */;
}
